{
  "name": "CCRV",
  "lockfileVersion": 2,
  "requires": true,
  "packages": {
    "": {
      "dependencies": {
        "omnisharp-server-binaries": "^0.1.9"
      }
    },
    "node_modules/omnisharp-server-binaries": {
      "version": "0.1.9",
      "resolved": "https://registry.npmjs.org/omnisharp-server-binaries/-/omnisharp-server-binaries-0.1.9.tgz",
      "integrity": "sha512-BqJlmXd8mVQDqJ/qqAb9U+PUPFBisRI1SiOcB2uKuKb76MmSXkUazDwd6KLVxlP07iNAF7S55BausKAVVAp1Kw=="
    }
  },
  "dependencies": {
    "omnisharp-server-binaries": {
      "version": "0.1.9",
      "resolved": "https://registry.npmjs.org/omnisharp-server-binaries/-/omnisharp-server-binaries-0.1.9.tgz",
      "integrity": "sha512-BqJlmXd8mVQDqJ/qqAb9U+PUPFBisRI1SiOcB2uKuKb76MmSXkUazDwd6KLVxlP07iNAF7S55BausKAVVAp1Kw=="
    }
  }
}
